
Microsoft Visual Studio Solution File, Format Version 12.00
# Visual Studio Version 16
VisualStudioVersion = 16.0.29911.84
MinimumVisualStudioVersion = 10.0.40219.1
Project("{9A19103F-16F7-4668-BE54-9A1E7A4F7556}") = "SiteBugs", "SiteBugs\SiteBugs.csproj", "{F9328A6C-75C5-4026-9BF4-7A60D87FF27E}"
EndProject
Project("{FAE04EC0-301F-11D3-BF4B-00C04F79EFBC}") = "SiteBugs.BD", "SiteBugs.BD\SiteBugs.BD.csproj", "{FFA2EB70-649F-40D0-97D4-F3FD0B48932F}"
EndProject
Global
	GlobalSection(SolutionConfigurationPlatforms) = preSolution
		Debug|Any CPU = Debug|Any CPU
		Release|Any CPU = Release|Any CPU
	EndGlobalSection
	GlobalSection(ProjectConfigurationPlatforms) = postSolution
		{F9328A6C-75C5-4026-9BF4-7A60D87FF27E}.Debug|Any CPU.ActiveCfg = Debug|Any CPU
		{F9328A6C-75C5-4026-9BF4-7A60D87FF27E}.Debug|Any CPU.Build.0 = Debug|Any CPU
		{F9328A6C-75C5-4026-9BF4-7A60D87FF27E}.Release|Any CPU.ActiveCfg = Release|Any CPU
		{F9328A6C-75C5-4026-9BF4-7A60D87FF27E}.Release|Any CPU.Build.0 = Release|Any CPU
		{FFA2EB70-649F-40D0-97D4-F3FD0B48932F}.Debug|Any CPU.ActiveCfg = Debug|Any CPU
		{FFA2EB70-649F-40D0-97D4-F3FD0B48932F}.Debug|Any CPU.Build.0 = Debug|Any CPU
		{FFA2EB70-649F-40D0-97D4-F3FD0B48932F}.Release|Any CPU.ActiveCfg = Release|Any CPU
		{FFA2EB70-649F-40D0-97D4-F3FD0B48932F}.Release|Any CPU.Build.0 = Release|Any CPU
	EndGlobalSection
	GlobalSection(SolutionProperties) = preSolution
		HideSolutionNode = FALSE
	EndGlobalSection
	GlobalSection(ExtensibilityGlobals) = postSolution
		SolutionGuid = {EB91B25F-1D1F-4B00-9408-329977275593}
	EndGlobalSection
EndGlobal
